
Microsoft Visual Studio Solution File, Format Version 12.00
# Visual Studio 15
VisualStudioVersion = 15.0.26124.0
MinimumVisualStudioVersion = 15.0.26124.0
Project("{2150E333-8FDC-42A3-9474-1A3956D46DE8}") = "src", "src", "{A4193F44-1F78-4BD5-BF47-FCE3C352CAE9}"
EndProject
Project("{FAE04EC0-301F-11D3-BF4B-00C04F79EFBC}") = "milestone-merger-console", "src\milestone-merger-console\milestone-merger-console.csproj", "{5FAFA39E-6813-4E86-92B7-F9749CF801EA}"
EndProject
Project("{2150E333-8FDC-42A3-9474-1A3956D46DE8}") = "tests", "tests", "{0417A32D-3F1A-4AC5-B44E-CED4FCFF3916}"
EndProject
Project("{FAE04EC0-301F-11D3-BF4B-00C04F79EFBC}") = "milestone-merger-console-tests", "tests\milestone-merger-console-tests\milestone-merger-console-tests.csproj", "{8C73F057-B0A3-4DF2-BA18-4C9EE75B9F8E}"
EndProject
Global
	GlobalSection(SolutionConfigurationPlatforms) = preSolution
		Debug|Any CPU = Debug|Any CPU
		Debug|x64 = Debug|x64
		Debug|x86 = Debug|x86
		Release|Any CPU = Release|Any CPU
		Release|x64 = Release|x64
		Release|x86 = Release|x86
	EndGlobalSection
	GlobalSection(SolutionProperties) = preSolution
		HideSolutionNode = FALSE
	EndGlobalSection
	GlobalSection(ProjectConfigurationPlatforms) = postSolution
		{5FAFA39E-6813-4E86-92B7-F9749CF801EA}.Debug|Any CPU.ActiveCfg = Debug|Any CPU
		{5FAFA39E-6813-4E86-92B7-F9749CF801EA}.Debug|Any CPU.Build.0 = Debug|Any CPU
		{5FAFA39E-6813-4E86-92B7-F9749CF801EA}.Debug|x64.ActiveCfg = Debug|Any CPU
		{5FAFA39E-6813-4E86-92B7-F9749CF801EA}.Debug|x64.Build.0 = Debug|Any CPU
		{5FAFA39E-6813-4E86-92B7-F9749CF801EA}.Debug|x86.ActiveCfg = Debug|Any CPU
		{5FAFA39E-6813-4E86-92B7-F9749CF801EA}.Debug|x86.Build.0 = Debug|Any CPU
		{5FAFA39E-6813-4E86-92B7-F9749CF801EA}.Release|Any CPU.ActiveCfg = Release|Any CPU
		{5FAFA39E-6813-4E86-92B7-F9749CF801EA}.Release|Any CPU.Build.0 = Release|Any CPU
		{5FAFA39E-6813-4E86-92B7-F9749CF801EA}.Release|x64.ActiveCfg = Release|Any CPU
		{5FAFA39E-6813-4E86-92B7-F9749CF801EA}.Release|x64.Build.0 = Release|Any CPU
		{5FAFA39E-6813-4E86-92B7-F9749CF801EA}.Release|x86.ActiveCfg = Release|Any CPU
		{5FAFA39E-6813-4E86-92B7-F9749CF801EA}.Release|x86.Build.0 = Release|Any CPU
		{8C73F057-B0A3-4DF2-BA18-4C9EE75B9F8E}.Debug|Any CPU.ActiveCfg = Debug|Any CPU
		{8C73F057-B0A3-4DF2-BA18-4C9EE75B9F8E}.Debug|Any CPU.Build.0 = Debug|Any CPU
		{8C73F057-B0A3-4DF2-BA18-4C9EE75B9F8E}.Debug|x64.ActiveCfg = Debug|Any CPU
		{8C73F057-B0A3-4DF2-BA18-4C9EE75B9F8E}.Debug|x64.Build.0 = Debug|Any CPU
		{8C73F057-B0A3-4DF2-BA18-4C9EE75B9F8E}.Debug|x86.ActiveCfg = Debug|Any CPU
		{8C73F057-B0A3-4DF2-BA18-4C9EE75B9F8E}.Debug|x86.Build.0 = Debug|Any CPU
		{8C73F057-B0A3-4DF2-BA18-4C9EE75B9F8E}.Release|Any CPU.ActiveCfg = Release|Any CPU
		{8C73F057-B0A3-4DF2-BA18-4C9EE75B9F8E}.Release|Any CPU.Build.0 = Release|Any CPU
		{8C73F057-B0A3-4DF2-BA18-4C9EE75B9F8E}.Release|x64.ActiveCfg = Release|Any CPU
		{8C73F057-B0A3-4DF2-BA18-4C9EE75B9F8E}.Release|x64.Build.0 = Release|Any CPU
		{8C73F057-B0A3-4DF2-BA18-4C9EE75B9F8E}.Release|x86.ActiveCfg = Release|Any CPU
		{8C73F057-B0A3-4DF2-BA18-4C9EE75B9F8E}.Release|x86.Build.0 = Release|Any CPU
	EndGlobalSection
	GlobalSection(NestedProjects) = preSolution
		{5FAFA39E-6813-4E86-92B7-F9749CF801EA} = {A4193F44-1F78-4BD5-BF47-FCE3C352CAE9}
		{8C73F057-B0A3-4DF2-BA18-4C9EE75B9F8E} = {0417A32D-3F1A-4AC5-B44E-CED4FCFF3916}
	EndGlobalSection
EndGlobal
